// !$*UTF8*$!
{
	archiveVersion = 1;
	classes = {
	};
	objectVersion = 46;
	objects = {

/* Begin PBXBuildFile section */
		E45F342017FD44700064CCAD /* Carbon.framework in Frameworks */ = {isa = PBXBuildFile; fileRef = E45F341F17FD44700064CCAD /* Carbon.framework */; };
		E45F342217FD44FD0064CCAD /* MainMenu.xib in Resources */ = {isa = PBXBuildFile; fileRef = E45F342117FD44FD0064CCAD /* MainMenu.xib */; };
		E45F342917FD46B40064CCAD /* MainMenuWindowController.m in Sources */ = {isa = PBXBuildFile; fileRef = E45F342817FD46B40064CCAD /* MainMenuWindowController.m */; };
		E46C4CF117FE4EBA003DA75B /* b64.c in Sources */ = {isa = PBXBuildFile; fileRef = E46C4CF017FE4EBA003DA75B /* b64.c */; };
		E46C4CF417FE4F50003DA75B /* blobber.m in Sources */ = {isa = PBXBuildFile; fileRef = E46C4CF317FE4F50003DA75B /* blobber.m */; };
		E473C96617FE6F7C00B2F395 /* decrypt.c in Sources */ = {isa = PBXBuildFile; fileRef = E473C96117FE6F7C00B2F395 /* decrypt.c */; };
		E473C96717FE6F7C00B2F395 /* encrypt.c in Sources */ = {isa = PBXBuildFile; fileRef = E473C96217FE6F7C00B2F395 /* encrypt.c */; };
		E473C96817FE6F7C00B2F395 /* keygen.c in Sources */ = {isa = PBXBuildFile; fileRef = E473C96317FE6F7C00B2F395 /* keygen.c */; };
		E473C96917FE6F7C00B2F395 /* memory.c in Sources */ = {isa = PBXBuildFile; fileRef = E473C96417FE6F7C00B2F395 /* memory.c */; };
		E473C96E17FE709500B2F395 /* libnacl.a in Frameworks */ = {isa = PBXBuildFile; fileRef = E473C96C17FE709500B2F395 /* libnacl.a */; };
		E473C96F17FE709500B2F395 /* randombytes.o in Frameworks */ = {isa = PBXBuildFile; fileRef = E473C96D17FE709500B2F395 /* randombytes.o */; };
		E474414C17FE94380055224D /* messages.m in Sources */ = {isa = PBXBuildFile; fileRef = E474414B17FE94380055224D /* messages.m */; };
		E4BFD205180501BC0030FEC8 /* ReadWindow.xib in Resources */ = {isa = PBXBuildFile; fileRef = E4BFD204180501BC0030FEC8 /* ReadWindow.xib */; };
		E4BFD209180502E40030FEC8 /* ReadWindowController.m in Sources */ = {isa = PBXBuildFile; fileRef = E4BFD208180502E40030FEC8 /* ReadWindowController.m */; };
		E4DAF5D717FD443F00EADEE8 /* Cocoa.framework in Frameworks */ = {isa = PBXBuildFile; fileRef = E4DAF5D617FD443F00EADEE8 /* Cocoa.framework */; };
		E4DAF5E117FD443F00EADEE8 /* InfoPlist.strings in Resources */ = {isa = PBXBuildFile; fileRef = E4DAF5DF17FD443F00EADEE8 /* InfoPlist.strings */; };
		E4DAF5E317FD443F00EADEE8 /* main.m in Sources */ = {isa = PBXBuildFile; fileRef = E4DAF5E217FD443F00EADEE8 /* main.m */; };
		E4DAF5E717FD443F00EADEE8 /* Credits.rtf in Resources */ = {isa = PBXBuildFile; fileRef = E4DAF5E517FD443F00EADEE8 /* Credits.rtf */; };
		E4DAF5EA17FD443F00EADEE8 /* AppDelegate.m in Sources */ = {isa = PBXBuildFile; fileRef = E4DAF5E917FD443F00EADEE8 /* AppDelegate.m */; };
		E4EB1B3B17FD585A00FBCA51 /* UIElementUtilities.m in Sources */ = {isa = PBXBuildFile; fileRef = E4EB1B3A17FD585A00FBCA51 /* UIElementUtilities.m */; };
/* End PBXBuildFile section */

/* Begin PBXFileReference section */
		E45F341F17FD44700064CCAD /* Carbon.framework */ = {isa = PBXFileReference; lastKnownFileType = wrapper.framework; name = Carbon.framework; path = /System/Library/Frameworks/Carbon.framework; sourceTree = "<absolute>"; };
		E45F342117FD44FD0064CCAD /* MainMenu.xib */ = {isa = PBXFileReference; fileEncoding = 4; lastKnownFileType = file.xib; path = MainMenu.xib; sourceTree = "<group>"; };
		E45F342717FD46B40064CCAD /* MainMenuWindowController.h */ = {isa = PBXFileReference; fileEncoding = 4; lastKnownFileType = sourcecode.c.h; path = MainMenuWindowController.h; sourceTree = "<group>"; };
		E45F342817FD46B40064CCAD /* MainMenuWindowController.m */ = {isa = PBXFileReference; fileEncoding = 4; lastKnownFileType = sourcecode.c.objc; path = MainMenuWindowController.m; sourceTree = "<group>"; };
		E46C4CF017FE4EBA003DA75B /* b64.c */ = {isa = PBXFileReference; fileEncoding = 4; lastKnownFileType = sourcecode.c.c; name = b64.c; path = ../../Messages/b64.c; sourceTree = "<group>"; };
		E46C4CF217FE4F50003DA75B /* blobber.h */ = {isa = PBXFileReference; fileEncoding = 4; lastKnownFileType = sourcecode.c.h; name = blobber.h; path = ../../Messages/blobber.h; sourceTree = "<group>"; };
		E46C4CF317FE4F50003DA75B /* blobber.m */ = {isa = PBXFileReference; fileEncoding = 4; lastKnownFileType = sourcecode.c.objc; name = blobber.m; path = ../../Messages/blobber.m; sourceTree = "<group>"; };
		E473C96117FE6F7C00B2F395 /* decrypt.c */ = {isa = PBXFileReference; fileEncoding = 4; lastKnownFileType = sourcecode.c.c; name = decrypt.c; path = ../../NaClWrapper/decrypt.c; sourceTree = "<group>"; };
		E473C96217FE6F7C00B2F395 /* encrypt.c */ = {isa = PBXFileReference; fileEncoding = 4; lastKnownFileType = sourcecode.c.c; name = encrypt.c; path = ../../NaClWrapper/encrypt.c; sourceTree = "<group>"; };
		E473C96317FE6F7C00B2F395 /* keygen.c */ = {isa = PBXFileReference; fileEncoding = 4; lastKnownFileType = sourcecode.c.c; name = keygen.c; path = ../../NaClWrapper/keygen.c; sourceTree = "<group>"; };
		E473C96417FE6F7C00B2F395 /* memory.c */ = {isa = PBXFileReference; fileEncoding = 4; lastKnownFileType = sourcecode.c.c; name = memory.c; path = ../../NaClWrapper/memory.c; sourceTree = "<group>"; };
		E473C96517FE6F7C00B2F395 /* nacl.h */ = {isa = PBXFileReference; fileEncoding = 4; lastKnownFileType = sourcecode.c.h; name = nacl.h; path = ../../NaClWrapper/nacl.h; sourceTree = "<group>"; };
		E473C96A17FE6F8E00B2F395 /* common.h */ = {isa = PBXFileReference; fileEncoding = 4; lastKnownFileType = sourcecode.c.h; name = common.h; path = ../../NaClWrapper/common.h; sourceTree = "<group>"; };
		E473C96C17FE709500B2F395 /* libnacl.a */ = {isa = PBXFileReference; lastKnownFileType = archive.ar; path = libnacl.a; sourceTree = "<group>"; };
		E473C96D17FE709500B2F395 /* randombytes.o */ = {isa = PBXFileReference; lastKnownFileType = "compiled.mach-o.objfile"; path = randombytes.o; sourceTree = "<group>"; };
		E474414A17FE94380055224D /* messages.h */ = {isa = PBXFileReference; fileEncoding = 4; lastKnownFileType = sourcecode.c.h; name = messages.h; path = ../../Messages/messages.h; sourceTree = "<group>"; };
		E474414B17FE94380055224D /* messages.m */ = {isa = PBXFileReference; fileEncoding = 4; lastKnownFileType = sourcecode.c.objc; name = messages.m; path = ../../Messages/messages.m; sourceTree = "<group>"; };
		E4BFD204180501BC0030FEC8 /* ReadWindow.xib */ = {isa = PBXFileReference; fileEncoding = 4; lastKnownFileType = file.xib; path = ReadWindow.xib; sourceTree = "<group>"; };
		E4BFD207180502E40030FEC8 /* ReadWindowController.h */ = {isa = PBXFileReference; fileEncoding = 4; lastKnownFileType = sourcecode.c.h; path = ReadWindowController.h; sourceTree = "<group>"; };
		E4BFD208180502E40030FEC8 /* ReadWindowController.m */ = {isa = PBXFileReference; fileEncoding = 4; lastKnownFileType = sourcecode.c.objc; path = ReadWindowController.m; sourceTree = "<group>"; };
		E4DAF5D317FD443F00EADEE8 /* CryptoMirror.app */ = {isa = PBXFileReference; explicitFileType = wrapper.application; includeInIndex = 0; path = CryptoMirror.app; sourceTree = BUILT_PRODUCTS_DIR; };
		E4DAF5D617FD443F00EADEE8 /* Cocoa.framework */ = {isa = PBXFileReference; lastKnownFileType = wrapper.framework; name = Cocoa.framework; path = System/Library/Frameworks/Cocoa.framework; sourceTree = SDKROOT; };
		E4DAF5D917FD443F00EADEE8 /* AppKit.framework */ = {isa = PBXFileReference; lastKnownFileType = wrapper.framework; name = AppKit.framework; path = System/Library/Frameworks/AppKit.framework; sourceTree = SDKROOT; };
		E4DAF5DA17FD443F00EADEE8 /* CoreData.framework */ = {isa = PBXFileReference; lastKnownFileType = wrapper.framework; name = CoreData.framework; path = System/Library/Frameworks/CoreData.framework; sourceTree = SDKROOT; };
		E4DAF5DB17FD443F00EADEE8 /* Foundation.framework */ = {isa = PBXFileReference; lastKnownFileType = wrapper.framework; name = Foundation.framework; path = System/Library/Frameworks/Foundation.framework; sourceTree = SDKROOT; };
		E4DAF5DE17FD443F00EADEE8 /* CryptoMirror-Info.plist */ = {isa = PBXFileReference; lastKnownFileType = text.plist.xml; path = "CryptoMirror-Info.plist"; sourceTree = "<group>"; };
		E4DAF5E017FD443F00EADEE8 /* en */ = {isa = PBXFileReference; lastKnownFileType = text.plist.strings; name = en; path = en.lproj/InfoPlist.strings; sourceTree = "<group>"; };
		E4DAF5E217FD443F00EADEE8 /* main.m */ = {isa = PBXFileReference; lastKnownFileType = sourcecode.c.objc; path = main.m; sourceTree = "<group>"; };
		E4DAF5E417FD443F00EADEE8 /* CryptoMirror-Prefix.pch */ = {isa = PBXFileReference; lastKnownFileType = sourcecode.c.h; path = "CryptoMirror-Prefix.pch"; sourceTree = "<group>"; };
		E4DAF5E617FD443F00EADEE8 /* en */ = {isa = PBXFileReference; lastKnownFileType = text.rtf; name = en; path = en.lproj/Credits.rtf; sourceTree = "<group>"; };
		E4DAF5E817FD443F00EADEE8 /* AppDelegate.h */ = {isa = PBXFileReference; lastKnownFileType = sourcecode.c.h; path = AppDelegate.h; sourceTree = "<group>"; };
		E4DAF5E917FD443F00EADEE8 /* AppDelegate.m */ = {isa = PBXFileReference; lastKnownFileType = sourcecode.c.objc; path = AppDelegate.m; sourceTree = "<group>"; };
		E4EB1B3917FD585A00FBCA51 /* UIElementUtilities.h */ = {isa = PBXFileReference; fileEncoding = 4; lastKnownFileType = sourcecode.c.h; path = UIElementUtilities.h; sourceTree = "<group>"; };
		E4EB1B3A17FD585A00FBCA51 /* UIElementUtilities.m */ = {isa = PBXFileReference; fileEncoding = 4; lastKnownFileType = sourcecode.c.objc; path = UIElementUtilities.m; sourceTree = "<group>"; };
/* End PBXFileReference section */

/* Begin PBXFrameworksBuildPhase section */
		E4DAF5D017FD443F00EADEE8 /* Frameworks */ = {
			isa = PBXFrameworksBuildPhase;
			buildActionMask = 2147483647;
			files = (
				E4DAF5D717FD443F00EADEE8 /* Cocoa.framework in Frameworks */,
				E45F342017FD44700064CCAD /* Carbon.framework in Frameworks */,
				E473C96E17FE709500B2F395 /* libnacl.a in Frameworks */,
				E473C96F17FE709500B2F395 /* randombytes.o in Frameworks */,
			);
			runOnlyForDeploymentPostprocessing = 0;
		};
/* End PBXFrameworksBuildPhase section */

/* Begin PBXGroup section */
		E45F342417FD45140064CCAD /* Resources */ = {
			isa = PBXGroup;
			children = (
				E45F342117FD44FD0064CCAD /* MainMenu.xib */,
				E4BFD204180501BC0030FEC8 /* ReadWindow.xib */,
			);
			name = Resources;
			sourceTree = "<group>";
		};
		E46C4CEE17FE4E39003DA75B /* UI */ = {
			isa = PBXGroup;
			children = (
				E4BFD206180502D70030FEC8 /* ReadWindow */,
				E45F342717FD46B40064CCAD /* MainMenuWindowController.h */,
				E45F342817FD46B40064CCAD /* MainMenuWindowController.m */,
				E4DAF5E817FD443F00EADEE8 /* AppDelegate.h */,
				E4DAF5E917FD443F00EADEE8 /* AppDelegate.m */,
				E4EB1B3917FD585A00FBCA51 /* UIElementUtilities.h */,
				E4EB1B3A17FD585A00FBCA51 /* UIElementUtilities.m */,
				E45F342417FD45140064CCAD /* Resources */,
			);
			name = UI;
			sourceTree = "<group>";
		};
		E46C4CEF17FE4E8D003DA75B /* parsing */ = {
			isa = PBXGroup;
			children = (
				E474414A17FE94380055224D /* messages.h */,
				E474414B17FE94380055224D /* messages.m */,
				E46C4CF217FE4F50003DA75B /* blobber.h */,
				E46C4CF317FE4F50003DA75B /* blobber.m */,
				E46C4CF017FE4EBA003DA75B /* b64.c */,
			);
			name = parsing;
			sourceTree = "<group>";
		};
		E473C96017FE6F5800B2F395 /* NaclWrapper */ = {
			isa = PBXGroup;
			children = (
				E473C96A17FE6F8E00B2F395 /* common.h */,
				E473C96117FE6F7C00B2F395 /* decrypt.c */,
				E473C96217FE6F7C00B2F395 /* encrypt.c */,
				E473C96317FE6F7C00B2F395 /* keygen.c */,
				E473C96417FE6F7C00B2F395 /* memory.c */,
				E473C96517FE6F7C00B2F395 /* nacl.h */,
			);
			name = NaclWrapper;
			sourceTree = "<group>";
		};
		E4BFD206180502D70030FEC8 /* ReadWindow */ = {
			isa = PBXGroup;
			children = (
				E4BFD207180502E40030FEC8 /* ReadWindowController.h */,
				E4BFD208180502E40030FEC8 /* ReadWindowController.m */,
			);
			name = ReadWindow;
			sourceTree = "<group>";
		};
		E4DAF5CA17FD443F00EADEE8 = {
			isa = PBXGroup;
			children = (
				E4DAF5DC17FD443F00EADEE8 /* CryptoMirror */,
				E4DAF5D517FD443F00EADEE8 /* Frameworks */,
				E4DAF5D417FD443F00EADEE8 /* Products */,
			);
			sourceTree = "<group>";
		};
		E4DAF5D417FD443F00EADEE8 /* Products */ = {
			isa = PBXGroup;
			children = (
				E4DAF5D317FD443F00EADEE8 /* CryptoMirror.app */,
			);
			name = Products;
			sourceTree = "<group>";
		};
		E4DAF5D517FD443F00EADEE8 /* Frameworks */ = {
			isa = PBXGroup;
			children = (
				E473C96C17FE709500B2F395 /* libnacl.a */,
				E473C96D17FE709500B2F395 /* randombytes.o */,
				E45F341F17FD44700064CCAD /* Carbon.framework */,
				E4DAF5D617FD443F00EADEE8 /* Cocoa.framework */,
				E4DAF5D817FD443F00EADEE8 /* Other Frameworks */,
			);
			name = Frameworks;
			sourceTree = "<group>";
		};
		E4DAF5D817FD443F00EADEE8 /* Other Frameworks */ = {
			isa = PBXGroup;
			children = (
				E4DAF5D917FD443F00EADEE8 /* AppKit.framework */,
				E4DAF5DA17FD443F00EADEE8 /* CoreData.framework */,
				E4DAF5DB17FD443F00EADEE8 /* Foundation.framework */,
			);
			name = "Other Frameworks";
			sourceTree = "<group>";
		};
		E4DAF5DC17FD443F00EADEE8 /* CryptoMirror */ = {
			isa = PBXGroup;
			children = (
				E473C96017FE6F5800B2F395 /* NaclWrapper */,
				E46C4CEF17FE4E8D003DA75B /* parsing */,
				E4DAF5E217FD443F00EADEE8 /* main.m */,
				E46C4CEE17FE4E39003DA75B /* UI */,
				E4DAF5DD17FD443F00EADEE8 /* Supporting Files */,
			);
			path = CryptoMirror;
			sourceTree = "<group>";
		};
		E4DAF5DD17FD443F00EADEE8 /* Supporting Files */ = {
			isa = PBXGroup;
			children = (
				E4DAF5DE17FD443F00EADEE8 /* CryptoMirror-Info.plist */,
				E4DAF5DF17FD443F00EADEE8 /* InfoPlist.strings */,
				E4DAF5E417FD443F00EADEE8 /* CryptoMirror-Prefix.pch */,
				E4DAF5E517FD443F00EADEE8 /* Credits.rtf */,
			);
			name = "Supporting Files";
			sourceTree = "<group>";
		};
/* End PBXGroup section */

/* Begin PBXNativeTarget section */
		E4DAF5D217FD443F00EADEE8 /* CryptoMirror */ = {
			isa = PBXNativeTarget;
			buildConfigurationList = E4DAF5F017FD444000EADEE8 /* Build configuration list for PBXNativeTarget "CryptoMirror" */;
			buildPhases = (
				E4DAF5CF17FD443F00EADEE8 /* Sources */,
				E4DAF5D017FD443F00EADEE8 /* Frameworks */,
				E4DAF5D117FD443F00EADEE8 /* Resources */,
			);
			buildRules = (
			);
			dependencies = (
			);
			name = CryptoMirror;
			productName = CryptoMirror;
			productReference = E4DAF5D317FD443F00EADEE8 /* CryptoMirror.app */;
			productType = "com.apple.product-type.application";
		};
/* End PBXNativeTarget section */

/* Begin PBXProject section */
		E4DAF5CB17FD443F00EADEE8 /* Project object */ = {
			isa = PBXProject;
			attributes = {
				LastUpgradeCheck = 0500;
				ORGANIZATIONNAME = "PRISM Is For Fascists";
			};
			buildConfigurationList = E4DAF5CE17FD443F00EADEE8 /* Build configuration list for PBXProject "CryptoMirror" */;
			compatibilityVersion = "Xcode 3.2";
			developmentRegion = English;
			hasScannedForEncodings = 0;
			knownRegions = (
				en,
			);
			mainGroup = E4DAF5CA17FD443F00EADEE8;
			productRefGroup = E4DAF5D417FD443F00EADEE8 /* Products */;
			projectDirPath = "";
			projectRoot = "";
			targets = (
				E4DAF5D217FD443F00EADEE8 /* CryptoMirror */,
			);
		};
/* End PBXProject section */

/* Begin PBXResourcesBuildPhase section */
		E4DAF5D117FD443F00EADEE8 /* Resources */ = {
			isa = PBXResourcesBuildPhase;
			buildActionMask = 2147483647;
			files = (
				E4DAF5E117FD443F00EADEE8 /* InfoPlist.strings in Resources */,
				E4DAF5E717FD443F00EADEE8 /* Credits.rtf in Resources */,
				E45F342217FD44FD0064CCAD /* MainMenu.xib in Resources */,
				E4BFD205180501BC0030FEC8 /* ReadWindow.xib in Resources */,
			);
			runOnlyForDeploymentPostprocessing = 0;
		};
/* End PBXResourcesBuildPhase section */

/* Begin PBXSourcesBuildPhase section */
		E4DAF5CF17FD443F00EADEE8 /* Sources */ = {
			isa = PBXSourcesBuildPhase;
			buildActionMask = 2147483647;
			files = (
				E4DAF5E317FD443F00EADEE8 /* main.m in Sources */,
				E4DAF5EA17FD443F00EADEE8 /* AppDelegate.m in Sources */,
				E45F342917FD46B40064CCAD /* MainMenuWindowController.m in Sources */,
				E4EB1B3B17FD585A00FBCA51 /* UIElementUtilities.m in Sources */,
				E46C4CF117FE4EBA003DA75B /* b64.c in Sources */,
				E46C4CF417FE4F50003DA75B /* blobber.m in Sources */,
				E473C96617FE6F7C00B2F395 /* decrypt.c in Sources */,
				E473C96717FE6F7C00B2F395 /* encrypt.c in Sources */,
				E473C96817FE6F7C00B2F395 /* keygen.c in Sources */,
				E473C96917FE6F7C00B2F395 /* memory.c in Sources */,
				E474414C17FE94380055224D /* messages.m in Sources */,
				E4BFD209180502E40030FEC8 /* ReadWindowController.m in Sources */,
			);
			runOnlyForDeploymentPostprocessing = 0;
		};
/* End PBXSourcesBuildPhase section */

/* Begin PBXVariantGroup section */
		E4DAF5DF17FD443F00EADEE8 /* InfoPlist.strings */ = {
			isa = PBXVariantGroup;
			children = (
				E4DAF5E017FD443F00EADEE8 /* en */,
			);
			name = InfoPlist.strings;
			sourceTree = "<group>";
		};
		E4DAF5E517FD443F00EADEE8 /* Credits.rtf */ = {
			isa = PBXVariantGroup;
			children = (
				E4DAF5E617FD443F00EADEE8 /* en */,
			);
			name = Credits.rtf;
			sourceTree = "<group>";
		};
/* End PBXVariantGroup section */

/* Begin XCBuildConfiguration section */
		E4DAF5EE17FD444000EADEE8 /* Debug */ = {
			isa = XCBuildConfiguration;
			buildSettings = {
				ALWAYS_SEARCH_USER_PATHS = NO;
				CLANG_CXX_LANGUAGE_STANDARD = "gnu++0x";
				CLANG_CXX_LIBRARY = "libc++";
				CLANG_WARN_CONSTANT_CONVERSION = YES;
				CLANG_WARN_EMPTY_BODY = YES;
				CLANG_WARN_ENUM_CONVERSION = YES;
				CLANG_WARN_INT_CONVERSION = YES;
				CLANG_WARN__DUPLICATE_METHOD_MATCH = YES;
				COPY_PHASE_STRIP = NO;
				GCC_C_LANGUAGE_STANDARD = gnu99;
				GCC_DYNAMIC_NO_PIC = NO;
				GCC_ENABLE_OBJC_EXCEPTIONS = YES;
				GCC_OPTIMIZATION_LEVEL = 0;
				GCC_PREPROCESSOR_DEFINITIONS = (
					"DEBUG=1",
					"$(inherited)",
				);
				GCC_SYMBOLS_PRIVATE_EXTERN = NO;
				GCC_WARN_64_TO_32_BIT_CONVERSION = YES;
				GCC_WARN_ABOUT_RETURN_TYPE = YES;
				GCC_WARN_UNINITIALIZED_AUTOS = YES;
				GCC_WARN_UNUSED_VARIABLE = YES;
				MACOSX_DEPLOYMENT_TARGET = 10.8;
				ONLY_ACTIVE_ARCH = YES;
				SDKROOT = macosx;
			};
			name = Debug;
		};
		E4DAF5EF17FD444000EADEE8 /* Release */ = {
			isa = XCBuildConfiguration;
			buildSettings = {
				ALWAYS_SEARCH_USER_PATHS = NO;
				CLANG_CXX_LANGUAGE_STANDARD = "gnu++0x";
				CLANG_CXX_LIBRARY = "libc++";
				CLANG_WARN_CONSTANT_CONVERSION = YES;
				CLANG_WARN_EMPTY_BODY = YES;
				CLANG_WARN_ENUM_CONVERSION = YES;
				CLANG_WARN_INT_CONVERSION = YES;
				CLANG_WARN__DUPLICATE_METHOD_MATCH = YES;
				COPY_PHASE_STRIP = YES;
				DEBUG_INFORMATION_FORMAT = "dwarf-with-dsym";
				GCC_C_LANGUAGE_STANDARD = gnu99;
				GCC_ENABLE_OBJC_EXCEPTIONS = YES;
				GCC_WARN_64_TO_32_BIT_CONVERSION = YES;
				GCC_WARN_ABOUT_RETURN_TYPE = YES;
				GCC_WARN_UNINITIALIZED_AUTOS = YES;
				GCC_WARN_UNUSED_VARIABLE = YES;
				MACOSX_DEPLOYMENT_TARGET = 10.8;
				SDKROOT = macosx;
			};
			name = Release;
		};
		E4DAF5F117FD444000EADEE8 /* Debug */ = {
			isa = XCBuildConfiguration;
			buildSettings = {
				COMBINE_HIDPI_IMAGES = YES;
				FRAMEWORK_SEARCH_PATHS = (
					"$(SYSTEM_LIBRARY_DIR)/Frameworks/ApplicationServices.framework/Versions/A/Frameworks",
					"$(SYSTEM_LIBRARY_DIR)/PrivateFrameworks/",
				);
				GCC_PRECOMPILE_PREFIX_HEADER = YES;
				GCC_PREFIX_HEADER = "CryptoMirror/CryptoMirror-Prefix.pch";
				INFOPLIST_FILE = "CryptoMirror/CryptoMirror-Info.plist";
				LIBRARY_SEARCH_PATHS = (
					"$(inherited)",
					"\"$(SRCROOT)\"",
				);
				PRODUCT_NAME = "$(TARGET_NAME)";
				USER_HEADER_SEARCH_PATHS = ../NaClWrapper/libs/nacl/include/amd64/;
				VALID_ARCHS = x86_64;
				WRAPPER_EXTENSION = app;
			};
			name = Debug;
		};
		E4DAF5F217FD444000EADEE8 /* Release */ = {
			isa = XCBuildConfiguration;
			buildSettings = {
				COMBINE_HIDPI_IMAGES = YES;
				FRAMEWORK_SEARCH_PATHS = (
					"$(SYSTEM_LIBRARY_DIR)/Frameworks/ApplicationServices.framework/Versions/A/Frameworks",
					"$(SYSTEM_LIBRARY_DIR)/PrivateFrameworks/",
				);
				GCC_PRECOMPILE_PREFIX_HEADER = YES;
				GCC_PREFIX_HEADER = "CryptoMirror/CryptoMirror-Prefix.pch";
				INFOPLIST_FILE = "CryptoMirror/CryptoMirror-Info.plist";
				LIBRARY_SEARCH_PATHS = (
					"$(inherited)",
					"\"$(SRCROOT)\"",
				);
				PRODUCT_NAME = "$(TARGET_NAME)";
				USER_HEADER_SEARCH_PATHS = ../NaClWrapper/libs/nacl/include/amd64/;
				VALID_ARCHS = x86_64;
				WRAPPER_EXTENSION = app;
			};
			name = Release;
		};
/* End XCBuildConfiguration section */

/* Begin XCConfigurationList section */
		E4DAF5CE17FD443F00EADEE8 /* Build configuration list for PBXProject "CryptoMirror" */ = {
			isa = XCConfigurationList;
			buildConfigurations = (
				E4DAF5EE17FD444000EADEE8 /* Debug */,
				E4DAF5EF17FD444000EADEE8 /* Release */,
			);
			defaultConfigurationIsVisible = 0;
			defaultConfigurationName = Release;
		};
		E4DAF5F017FD444000EADEE8 /* Build configuration list for PBXNativeTarget "CryptoMirror" */ = {
			isa = XCConfigurationList;
			buildConfigurations = (
				E4DAF5F117FD444000EADEE8 /* Debug */,
				E4DAF5F217FD444000EADEE8 /* Release */,
			);
			defaultConfigurationIsVisible = 0;
			defaultConfigurationName = Release;
		};
/* End XCConfigurationList section */
	};
	rootObject = E4DAF5CB17FD443F00EADEE8 /* Project object */;
}
